
Microsoft Visual Studio Solution File, Format Version 12.00
# Visual Studio Version 17
VisualStudioVersion = 17.9.34622.214
MinimumVisualStudioVersion = 10.0.40219.1
Project("{FAE04EC0-301F-11D3-BF4B-00C04F79EFBC}") = "BedBookingWeb", "BedBookingWeb\BedBookingWeb.csproj", "{4B43E7D0-D31C-4382-918C-F3B6B78AF2D5}"
EndProject
Project("{FAE04EC0-301F-11D3-BF4B-00C04F79EFBC}") = "BedBookingWeb.Models", "BedBookingWeb.Models\BedBookingWeb.Models.csproj", "{5F7791C5-E0EB-4EA0-81D2-97CAC59421B9}"
EndProject
Project("{FAE04EC0-301F-11D3-BF4B-00C04F79EFBC}") = "BedBookingWeb.Data", "BedBookingWeb.Data\BedBookingWeb.Data.csproj", "{3166A28E-9C43-428D-81AE-DBBA9B25FB6A}"
EndProject
Global
	GlobalSection(SolutionConfigurationPlatforms) = preSolution
		Debug|Any CPU = Debug|Any CPU
		Release|Any CPU = Release|Any CPU
	EndGlobalSection
	GlobalSection(ProjectConfigurationPlatforms) = postSolution
		{4B43E7D0-D31C-4382-918C-F3B6B78AF2D5}.Debug|Any CPU.ActiveCfg = Debug|Any CPU
		{4B43E7D0-D31C-4382-918C-F3B6B78AF2D5}.Debug|Any CPU.Build.0 = Debug|Any CPU
		{4B43E7D0-D31C-4382-918C-F3B6B78AF2D5}.Release|Any CPU.ActiveCfg = Release|Any CPU
		{4B43E7D0-D31C-4382-918C-F3B6B78AF2D5}.Release|Any CPU.Build.0 = Release|Any CPU
		{5F7791C5-E0EB-4EA0-81D2-97CAC59421B9}.Debug|Any CPU.ActiveCfg = Debug|Any CPU
		{5F7791C5-E0EB-4EA0-81D2-97CAC59421B9}.Debug|Any CPU.Build.0 = Debug|Any CPU
		{5F7791C5-E0EB-4EA0-81D2-97CAC59421B9}.Release|Any CPU.ActiveCfg = Release|Any CPU
		{5F7791C5-E0EB-4EA0-81D2-97CAC59421B9}.Release|Any CPU.Build.0 = Release|Any CPU
		{3166A28E-9C43-428D-81AE-DBBA9B25FB6A}.Debug|Any CPU.ActiveCfg = Debug|Any CPU
		{3166A28E-9C43-428D-81AE-DBBA9B25FB6A}.Debug|Any CPU.Build.0 = Debug|Any CPU
		{3166A28E-9C43-428D-81AE-DBBA9B25FB6A}.Release|Any CPU.ActiveCfg = Release|Any CPU
		{3166A28E-9C43-428D-81AE-DBBA9B25FB6A}.Release|Any CPU.Build.0 = Release|Any CPU
	EndGlobalSection
	GlobalSection(SolutionProperties) = preSolution
		HideSolutionNode = FALSE
	EndGlobalSection
	GlobalSection(ExtensibilityGlobals) = postSolution
		SolutionGuid = {7777CE56-0CFA-4941-9308-9E2214C08CC1}
	EndGlobalSection
EndGlobal
